
Microsoft Visual Studio Solution File, Format Version 12.00
# Visual Studio Version 16
VisualStudioVersion = 16.0.30907.101
MinimumVisualStudioVersion = 10.0.40219.1
Project("{FAE04EC0-301F-11D3-BF4B-00C04F79EFBC}") = "GoogleAuthenticatorTest", "GoogleAuthenticatorTest\GoogleAuthenticatorTest.csproj", "{C409E24F-1E20-4C54-8C65-E355B2ED067B}"
EndProject
Global
	GlobalSection(SolutionConfigurationPlatforms) = preSolution
		Debug|Any CPU = Debug|Any CPU
		Release|Any CPU = Release|Any CPU
	EndGlobalSection
	GlobalSection(ProjectConfigurationPlatforms) = postSolution
		{C409E24F-1E20-4C54-8C65-E355B2ED067B}.Debug|Any CPU.ActiveCfg = Debug|Any CPU
		{C409E24F-1E20-4C54-8C65-E355B2ED067B}.Debug|Any CPU.Build.0 = Debug|Any CPU
		{C409E24F-1E20-4C54-8C65-E355B2ED067B}.Release|Any CPU.ActiveCfg = Release|Any CPU
		{C409E24F-1E20-4C54-8C65-E355B2ED067B}.Release|Any CPU.Build.0 = Release|Any CPU
	EndGlobalSection
	GlobalSection(SolutionProperties) = preSolution
		HideSolutionNode = FALSE
	EndGlobalSection
	GlobalSection(ExtensibilityGlobals) = postSolution
		SolutionGuid = {CAAD32C8-064D-42C4-B228-EB17CFC05F9D}
	EndGlobalSection
EndGlobal
